{
  "object": {
    "pins": [
      {
        "package": "Gloss",
        "repositoryURL": "https://github.com/hkellaway/Gloss.git",
        "state": {
          "branch": null,
          "revision": "efd25964891ae8a9cfbe2345628ad02fcb9a105c",
          "version": "3.2.1"
        }
      },
      {
        "package": "Realm",
        "repositoryURL": "https://github.com/realm/realm-cocoa.git",
        "state": {
          "branch": null,
          "revision": "44b9632b22240f0baa4b50964c5722e27094aea0",
          "version": "10.6.0"
        }
      },
      {
        "package": "RealmDatabase",
        "repositoryURL": "https://github.com/realm/realm-core",
        "state": {
          "branch": null,
          "revision": "6431a4bc6530ec16731ef1c66b379cbef6da01f0",
          "version": "10.5.0"
        }
      },
      {
        "package": "SkeletonView",
        "repositoryURL": "https://github.com/Juanpe/SkeletonView.git",
        "state": {
          "branch": null,
          "revision": "32ab6d3852e91312dcbfc3f3a749cfc691da75fe",
          "version": "1.13.0"
        }
      }
    ]
  },
  "version": 1
}
